Microsoft Visual Studio Solution File, Format Version 12.00
# Visual Studio Version 17
VisualStudioVersion = 17.5.2.0
MinimumVisualStudioVersion = 10.0.40219.1
Project("{FAE04EC0-301F-11D3-BF4B-00C04F79EFBC}") = "CarFactoryApp", "CarFactoryApp.csproj", "{183BD47E-52BB-B6B4-ECEE-4B863FDDACFD}"
EndProject
Global
	GlobalSection(SolutionConfigurationPlatforms) = preSolution
		Debug|Any CPU = Debug|Any CPU
		Release|Any CPU = Release|Any CPU
	EndGlobalSection
	GlobalSection(ProjectConfigurationPlatforms) = postSolution
		{183BD47E-52BB-B6B4-ECEE-4B863FDDACFD}.Debug|Any CPU.ActiveCfg = Debug|Any CPU
		{183BD47E-52BB-B6B4-ECEE-4B863FDDACFD}.Debug|Any CPU.Build.0 = Debug|Any CPU
		{183BD47E-52BB-B6B4-ECEE-4B863FDDACFD}.Release|Any CPU.ActiveCfg = Release|Any CPU
		{183BD47E-52BB-B6B4-ECEE-4B863FDDACFD}.Release|Any CPU.Build.0 = Release|Any CPU
	EndGlobalSection
	GlobalSection(SolutionProperties) = preSolution
		HideSolutionNode = FALSE
	EndGlobalSection
	GlobalSection(ExtensibilityGlobals) = postSolution
		SolutionGuid = {7E6D8016-1AD0-4150-9E4F-F14B1503CDC6}
	EndGlobalSection
EndGlobal
